// !$*UTF8*$!
{
	archiveVersion = 1;
	classes = {
	};
	objectVersion = 51;
	objects = {

/* Begin PBXBuildFile section */
		0EB26D90B5A0E8079125099A /* Pods_RxSwiftBasic.framework in Frameworks */ = {isa = PBXBuildFile; fileRef = F7E48816A92241AFA8A2610F /* Pods_RxSwiftBasic.framework */; };
		18EAE2E4239F906D009D968C /* AppDelegate.swift in Sources */ = {isa = PBXBuildFile; fileRef = 18EAE2E3239F906D009D968C /* AppDelegate.swift */; };
		18EAE2E8239F906D009D968C /* ViewController.swift in Sources */ = {isa = PBXBuildFile; fileRef = 18EAE2E7239F906D009D968C /* ViewController.swift */; };
		18EAE2ED239F9070009D968C /* Assets.xcassets in Resources */ = {isa = PBXBuildFile; fileRef = 18EAE2EC239F9070009D968C /* Assets.xcassets */; };
		18EAE2F0239F9070009D968C /* LaunchScreen.storyboard in Resources */ = {isa = PBXBuildFile; fileRef = 18EAE2EE239F9070009D968C /* LaunchScreen.storyboard */; };
		18EAE31823A0BB75009D968C /* Main.storyboard in Resources */ = {isa = PBXBuildFile; fileRef = 18EAE31723A0BB75009D968C /* Main.storyboard */; };
		18F7743323A36AAA0024DE7C /* RxTestViewController.swift in Sources */ = {isa = PBXBuildFile; fileRef = 18F7743223A36AAA0024DE7C /* RxTestViewController.swift */; };
		18F7743523A384FA0024DE7C /* SingleViewController.swift in Sources */ = {isa = PBXBuildFile; fileRef = 18F7743423A384FA0024DE7C /* SingleViewController.swift */; };
		18F7743723A7485E0024DE7C /* BaseViewController.swift in Sources */ = {isa = PBXBuildFile; fileRef = 18F7743623A7485E0024DE7C /* BaseViewController.swift */; };
		18F7743923A748B10024DE7C /* CompletableViewController.swift in Sources */ = {isa = PBXBuildFile; fileRef = 18F7743823A748B10024DE7C /* CompletableViewController.swift */; };
		18F7743C23A74B750024DE7C /* Common.swift in Sources */ = {isa = PBXBuildFile; fileRef = 18F7743B23A74B750024DE7C /* Common.swift */; };
		18F7743E23A76F000024DE7C /* MaybeViewController.swift in Sources */ = {isa = PBXBuildFile; fileRef = 18F7743D23A76F000024DE7C /* MaybeViewController.swift */; };
		19B060389A5FA2291D27EEB1 /* PublishSubjectViewController.swift in Sources */ = {isa = PBXBuildFile; fileRef = 19B066AFC5F4B0513A444882 /* PublishSubjectViewController.swift */; };
		19B06190D8050FBC5DBFB16B /* ReplaySubjectViewController.swift in Sources */ = {isa = PBXBuildFile; fileRef = 19B06DC1C7F8F672EB189E8D /* ReplaySubjectViewController.swift */; };
		19B062E62C171A2F9BFC5387 /* AsyncSubjectViewController.swift in Sources */ = {isa = PBXBuildFile; fileRef = 19B06D951C8602DE037AD108 /* AsyncSubjectViewController.swift */; };
		19B062EF17C04D61FB536A46 /* BehaviorSubjectViewController.swift in Sources */ = {isa = PBXBuildFile; fileRef = 19B06F3966D2D17822539160 /* BehaviorSubjectViewController.swift */; };
		19B063846CA4C96551C33E03 /* DisposableViewController.swift in Sources */ = {isa = PBXBuildFile; fileRef = 19B068A2C3615807521C18CD /* DisposableViewController.swift */; };
		19B0651EA0C20E1A9C79404B /* AmbBufferViewController.swift in Sources */ = {isa = PBXBuildFile; fileRef = 19B0697BF26B42BEB2AF359C /* AmbBufferViewController.swift */; };
		19B065903E39D46A5603702C /* DriverController.swift in Sources */ = {isa = PBXBuildFile; fileRef = 19B064E790170363510788E9 /* DriverController.swift */; };
		19B065E780188E13F44683D8 /* BinderViewController.swift in Sources */ = {isa = PBXBuildFile; fileRef = 19B0614B044E4285626A6F42 /* BinderViewController.swift */; };
		19B0664035C9DBE40F8C54E6 /* OperatorViewController.swift in Sources */ = {isa = PBXBuildFile; fileRef = 19B0682B552EBC740C762D8C /* OperatorViewController.swift */; };
		19B067F131010D505E2182A0 /* AnyObserverViewController.swift in Sources */ = {isa = PBXBuildFile; fileRef = 19B06813ECCF6EE4E83B039E /* AnyObserverViewController.swift */; };
		19B0685663B4F125CF676C95 /* FilterMapZipViewController.swift in Sources */ = {isa = PBXBuildFile; fileRef = 19B06793D0ADC87532CDA4DD /* FilterMapZipViewController.swift */; };
		19B06BA827F6B349A9E30164 /* SchedulersViewController.swift in Sources */ = {isa = PBXBuildFile; fileRef = 19B0624BC54C784A3F35D02A /* SchedulersViewController.swift */; };
		19B06D0D9F7B4FDEF2FE2DA3 /* SignalViewController.swift in Sources */ = {isa = PBXBuildFile; fileRef = 19B06275FAD1B3BDC04CB7F7 /* SignalViewController.swift */; };
		19B06DA847D8775FB206059F /* ErrorHandlingViewController.swift in Sources */ = {isa = PBXBuildFile; fileRef = 19B06B7C8BEF9E5FCB9AFC47 /* ErrorHandlingViewController.swift */; };
/* End PBXBuildFile section */

/* Begin PBXFileReference section */
		18EAE2E0239F906D009D968C /* RxSwiftBasic.app */ = {isa = PBXFileReference; explicitFileType = wrapper.application; includeInIndex = 0; path = RxSwiftBasic.app; sourceTree = BUILT_PRODUCTS_DIR; };
		18EAE2E3239F906D009D968C /* AppDelegate.swift */ = {isa = PBXFileReference; lastKnownFileType = sourcecode.swift; path = AppDelegate.swift; sourceTree = "<group>"; };
		18EAE2E7239F906D009D968C /* ViewController.swift */ = {isa = PBXFileReference; lastKnownFileType = sourcecode.swift; path = ViewController.swift; sourceTree = "<group>"; };
		18EAE2EC239F9070009D968C /* Assets.xcassets */ = {isa = PBXFileReference; lastKnownFileType = folder.assetcatalog; path = Assets.xcassets; sourceTree = "<group>"; };
		18EAE2EF239F9070009D968C /* Base */ = {isa = PBXFileReference; lastKnownFileType = file.storyboard; name = Base; path = Base.lproj/LaunchScreen.storyboard; sourceTree = "<group>"; };
		18EAE2F1239F9070009D968C /* Info.plist */ = {isa = PBXFileReference; lastKnownFileType = text.plist.xml; path = Info.plist; sourceTree = "<group>"; };
		18EAE31723A0BB75009D968C /* Main.storyboard */ = {isa = PBXFileReference; lastKnownFileType = file.storyboard; path = Main.storyboard; sourceTree = "<group>"; };
		18F7743223A36AAA0024DE7C /* RxTestViewController.swift */ = {isa = PBXFileReference; lastKnownFileType = sourcecode.swift; path = RxTestViewController.swift; sourceTree = "<group>"; };
		18F7743423A384FA0024DE7C /* SingleViewController.swift */ = {isa = PBXFileReference; lastKnownFileType = sourcecode.swift; path = SingleViewController.swift; sourceTree = "<group>"; };
		18F7743623A7485E0024DE7C /* BaseViewController.swift */ = {isa = PBXFileReference; lastKnownFileType = sourcecode.swift; path = BaseViewController.swift; sourceTree = "<group>"; };
		18F7743823A748B10024DE7C /* CompletableViewController.swift */ = {isa = PBXFileReference; lastKnownFileType = sourcecode.swift; path = CompletableViewController.swift; sourceTree = "<group>"; };
		18F7743B23A74B750024DE7C /* Common.swift */ = {isa = PBXFileReference; lastKnownFileType = sourcecode.swift; path = Common.swift; sourceTree = "<group>"; };
		18F7743D23A76F000024DE7C /* MaybeViewController.swift */ = {isa = PBXFileReference; lastKnownFileType = sourcecode.swift; path = MaybeViewController.swift; sourceTree = "<group>"; };
		19B0614B044E4285626A6F42 /* BinderViewController.swift */ = {isa = PBXFileReference; fileEncoding = 4; lastKnownFileType = sourcecode.swift; path = BinderViewController.swift; sourceTree = "<group>"; };
		19B0624BC54C784A3F35D02A /* SchedulersViewController.swift */ = {isa = PBXFileReference; fileEncoding = 4; lastKnownFileType = sourcecode.swift; path = SchedulersViewController.swift; sourceTree = "<group>"; };
		19B06275FAD1B3BDC04CB7F7 /* SignalViewController.swift */ = {isa = PBXFileReference; fileEncoding = 4; lastKnownFileType = sourcecode.swift; path = SignalViewController.swift; sourceTree = "<group>"; };
		19B064E790170363510788E9 /* DriverController.swift */ = {isa = PBXFileReference; fileEncoding = 4; lastKnownFileType = sourcecode.swift; path = DriverController.swift; sourceTree = "<group>"; };
		19B066AFC5F4B0513A444882 /* PublishSubjectViewController.swift */ = {isa = PBXFileReference; fileEncoding = 4; lastKnownFileType = sourcecode.swift; path = PublishSubjectViewController.swift; sourceTree = "<group>"; };
		19B06793D0ADC87532CDA4DD /* FilterMapZipViewController.swift */ = {isa = PBXFileReference; fileEncoding = 4; lastKnownFileType = sourcecode.swift; path = FilterMapZipViewController.swift; sourceTree = "<group>"; };
		19B06813ECCF6EE4E83B039E /* AnyObserverViewController.swift */ = {isa = PBXFileReference; fileEncoding = 4; lastKnownFileType = sourcecode.swift; path = AnyObserverViewController.swift; sourceTree = "<group>"; };
		19B0682B552EBC740C762D8C /* OperatorViewController.swift */ = {isa = PBXFileReference; fileEncoding = 4; lastKnownFileType = sourcecode.swift; path = OperatorViewController.swift; sourceTree = "<group>"; };
		19B068A2C3615807521C18CD /* DisposableViewController.swift */ = {isa = PBXFileReference; fileEncoding = 4; lastKnownFileType = sourcecode.swift; path = DisposableViewController.swift; sourceTree = "<group>"; };
		19B0697BF26B42BEB2AF359C /* AmbBufferViewController.swift */ = {isa = PBXFileReference; fileEncoding = 4; lastKnownFileType = sourcecode.swift; path = AmbBufferViewController.swift; sourceTree = "<group>"; };
		19B06B7C8BEF9E5FCB9AFC47 /* ErrorHandlingViewController.swift */ = {isa = PBXFileReference; fileEncoding = 4; lastKnownFileType = sourcecode.swift; path = ErrorHandlingViewController.swift; sourceTree = "<group>"; };
		19B06D951C8602DE037AD108 /* AsyncSubjectViewController.swift */ = {isa = PBXFileReference; fileEncoding = 4; lastKnownFileType = sourcecode.swift; path = AsyncSubjectViewController.swift; sourceTree = "<group>"; };
		19B06DC1C7F8F672EB189E8D /* ReplaySubjectViewController.swift */ = {isa = PBXFileReference; fileEncoding = 4; lastKnownFileType = sourcecode.swift; path = ReplaySubjectViewController.swift; sourceTree = "<group>"; };
		19B06F3966D2D17822539160 /* BehaviorSubjectViewController.swift */ = {isa = PBXFileReference; fileEncoding = 4; lastKnownFileType = sourcecode.swift; path = BehaviorSubjectViewController.swift; sourceTree = "<group>"; };
		B6D556FD700F461808FC117C /* Pods-RxSwiftBasic.release.xcconfig */ = {isa = PBXFileReference; includeInIndex = 1; lastKnownFileType = text.xcconfig; name = "Pods-RxSwiftBasic.release.xcconfig"; path = "Target Support Files/Pods-RxSwiftBasic/Pods-RxSwiftBasic.release.xcconfig"; sourceTree = "<group>"; };
		E8350C6C512808510FF496C6 /* Pods-RxSwiftBasic.debug.xcconfig */ = {isa = PBXFileReference; includeInIndex = 1; lastKnownFileType = text.xcconfig; name = "Pods-RxSwiftBasic.debug.xcconfig"; path = "Target Support Files/Pods-RxSwiftBasic/Pods-RxSwiftBasic.debug.xcconfig"; sourceTree = "<group>"; };
		F7E48816A92241AFA8A2610F /* Pods_RxSwiftBasic.framework */ = {isa = PBXFileReference; explicitFileType = wrapper.framework; includeInIndex = 0; path = Pods_RxSwiftBasic.framework; sourceTree = BUILT_PRODUCTS_DIR; };
/* End PBXFileReference section */

/* Begin PBXFrameworksBuildPhase section */
		18EAE2DD239F906D009D968C /* Frameworks */ = {
			isa = PBXFrameworksBuildPhase;
			buildActionMask = 2147483647;
			files = (
				0EB26D90B5A0E8079125099A /* Pods_RxSwiftBasic.framework in Frameworks */,
			);
			runOnlyForDeploymentPostprocessing = 0;
		};
/* End PBXFrameworksBuildPhase section */

/* Begin PBXGroup section */
		18EAE2D7239F906D009D968C = {
			isa = PBXGroup;
			children = (
				18EAE2E2239F906D009D968C /* RxSwiftBasic */,
				18EAE2E1239F906D009D968C /* Products */,
				AEA983E511462C515CD25CB1 /* Pods */,
				C8FB965685BF914A79E582C9 /* Frameworks */,
			);
			sourceTree = "<group>";
		};
		18EAE2E1239F906D009D968C /* Products */ = {
			isa = PBXGroup;
			children = (
				18EAE2E0239F906D009D968C /* RxSwiftBasic.app */,
			);
			name = Products;
			sourceTree = "<group>";
		};
		18EAE2E2239F906D009D968C /* RxSwiftBasic */ = {
			isa = PBXGroup;
			children = (
				18EAE2E3239F906D009D968C /* AppDelegate.swift */,
				18EAE2E7239F906D009D968C /* ViewController.swift */,
				18F7743223A36AAA0024DE7C /* RxTestViewController.swift */,
				18F7743623A7485E0024DE7C /* BaseViewController.swift */,
				18F7743B23A74B750024DE7C /* Common.swift */,
				18F7743A23A74AAB0024DE7C /* Observable */,
				19B067828187BF0A5E72F094 /* Observer */,
				18F7743F23AA193D0024DE7C /* Subject */,
				18F7744023AB0BB40024DE7C /* Operator */,
				18F7744123AB247C0024DE7C /* Disposable */,
				18F7744223AB248B0024DE7C /* Schedulers */,
				18F7744323AB24940024DE7C /* ErrorHandling */,
				18EAE31723A0BB75009D968C /* Main.storyboard */,
				18EAE2EC239F9070009D968C /* Assets.xcassets */,
				18EAE2EE239F9070009D968C /* LaunchScreen.storyboard */,
				18EAE2F1239F9070009D968C /* Info.plist */,
			);
			path = RxSwiftBasic;
			sourceTree = "<group>";
		};
		18F7743A23A74AAB0024DE7C /* Observable */ = {
			isa = PBXGroup;
			children = (
				18F7743423A384FA0024DE7C /* SingleViewController.swift */,
				18F7743823A748B10024DE7C /* CompletableViewController.swift */,
				18F7743D23A76F000024DE7C /* MaybeViewController.swift */,
				19B064E790170363510788E9 /* DriverController.swift */,
				19B06275FAD1B3BDC04CB7F7 /* SignalViewController.swift */,
			);
			path = Observable;
			sourceTree = "<group>";
		};
		18F7743F23AA193D0024DE7C /* Subject */ = {
			isa = PBXGroup;
			children = (
				19B06D951C8602DE037AD108 /* AsyncSubjectViewController.swift */,
				19B066AFC5F4B0513A444882 /* PublishSubjectViewController.swift */,
				19B06DC1C7F8F672EB189E8D /* ReplaySubjectViewController.swift */,
				19B06F3966D2D17822539160 /* BehaviorSubjectViewController.swift */,
			);
			path = Subject;
			sourceTree = "<group>";
		};
		18F7744023AB0BB40024DE7C /* Operator */ = {
			isa = PBXGroup;
			children = (
				19B0682B552EBC740C762D8C /* OperatorViewController.swift */,
				19B06793D0ADC87532CDA4DD /* FilterMapZipViewController.swift */,
				19B0697BF26B42BEB2AF359C /* AmbBufferViewController.swift */,
			);
			path = Operator;
			sourceTree = "<group>";
		};
		18F7744123AB247C0024DE7C /* Disposable */ = {
			isa = PBXGroup;
			children = (
				19B068A2C3615807521C18CD /* DisposableViewController.swift */,
			);
			path = Disposable;
			sourceTree = "<group>";
		};
		18F7744223AB248B0024DE7C /* Schedulers */ = {
			isa = PBXGroup;
			children = (
				19B0624BC54C784A3F35D02A /* SchedulersViewController.swift */,
			);
			path = Schedulers;
			sourceTree = "<group>";
		};
		18F7744323AB24940024DE7C /* ErrorHandling */ = {
			isa = PBXGroup;
			children = (
				19B06B7C8BEF9E5FCB9AFC47 /* ErrorHandlingViewController.swift */,
			);
			path = ErrorHandling;
			sourceTree = "<group>";
		};
		19B067828187BF0A5E72F094 /* Observer */ = {
			isa = PBXGroup;
			children = (
				19B06813ECCF6EE4E83B039E /* AnyObserverViewController.swift */,
				19B0614B044E4285626A6F42 /* BinderViewController.swift */,
			);
			path = Observer;
			sourceTree = "<group>";
		};
		AEA983E511462C515CD25CB1 /* Pods */ = {
			isa = PBXGroup;
			children = (
				E8350C6C512808510FF496C6 /* Pods-RxSwiftBasic.debug.xcconfig */,
				B6D556FD700F461808FC117C /* Pods-RxSwiftBasic.release.xcconfig */,
			);
			path = Pods;
			sourceTree = "<group>";
		};
		C8FB965685BF914A79E582C9 /* Frameworks */ = {
			isa = PBXGroup;
			children = (
				F7E48816A92241AFA8A2610F /* Pods_RxSwiftBasic.framework */,
			);
			name = Frameworks;
			sourceTree = "<group>";
		};
/* End PBXGroup section */

/* Begin PBXNativeTarget section */
		18EAE2DF239F906D009D968C /* RxSwiftBasic */ = {
			isa = PBXNativeTarget;
			buildConfigurationList = 18EAE2F4239F9070009D968C /* Build configuration list for PBXNativeTarget "RxSwiftBasic" */;
			buildPhases = (
				825D29B14EB524FEBD7C8E42 /* [CP] Check Pods Manifest.lock */,
				18EAE2DC239F906D009D968C /* Sources */,
				18EAE2DD239F906D009D968C /* Frameworks */,
				18EAE2DE239F906D009D968C /* Resources */,
				FCDFF8941AEEDA4615CF8347 /* [CP] Embed Pods Frameworks */,
			);
			buildRules = (
			);
			dependencies = (
			);
			name = RxSwiftBasic;
			productName = RxSwiftBasic;
			productReference = 18EAE2E0239F906D009D968C /* RxSwiftBasic.app */;
			productType = "com.apple.product-type.application";
		};
/* End PBXNativeTarget section */

/* Begin PBXProject section */
		18EAE2D8239F906D009D968C /* Project object */ = {
			isa = PBXProject;
			attributes = {
				LastSwiftUpdateCheck = 1120;
				LastUpgradeCheck = 1120;
				ORGANIZATIONNAME = Yin;
				TargetAttributes = {
					18EAE2DF239F906D009D968C = {
						CreatedOnToolsVersion = 11.2.1;
					};
				};
			};
			buildConfigurationList = 18EAE2DB239F906D009D968C /* Build configuration list for PBXProject "RxSwiftBasic" */;
			compatibilityVersion = "Xcode 9.3";
			developmentRegion = en;
			hasScannedForEncodings = 0;
			knownRegions = (
				en,
				Base,
			);
			mainGroup = 18EAE2D7239F906D009D968C;
			productRefGroup = 18EAE2E1239F906D009D968C /* Products */;
			projectDirPath = "";
			projectRoot = "";
			targets = (
				18EAE2DF239F906D009D968C /* RxSwiftBasic */,
			);
		};
/* End PBXProject section */

/* Begin PBXResourcesBuildPhase section */
		18EAE2DE239F906D009D968C /* Resources */ = {
			isa = PBXResourcesBuildPhase;
			buildActionMask = 2147483647;
			files = (
				18EAE31823A0BB75009D968C /* Main.storyboard in Resources */,
				18EAE2F0239F9070009D968C /* LaunchScreen.storyboard in Resources */,
				18EAE2ED239F9070009D968C /* Assets.xcassets in Resources */,
			);
			runOnlyForDeploymentPostprocessing = 0;
		};
/* End PBXResourcesBuildPhase section */

/* Begin PBXShellScriptBuildPhase section */
		825D29B14EB524FEBD7C8E42 /* [CP] Check Pods Manifest.lock */ = {
			isa = PBXShellScriptBuildPhase;
			buildActionMask = 2147483647;
			files = (
			);
			inputFileListPaths = (
			);
			inputPaths = (
				"${PODS_PODFILE_DIR_PATH}/Podfile.lock",
				"${PODS_ROOT}/Manifest.lock",
			);
			name = "[CP] Check Pods Manifest.lock";
			outputFileListPaths = (
			);
			outputPaths = (
				"$(DERIVED_FILE_DIR)/Pods-RxSwiftBasic-checkManifestLockResult.txt",
			);
			runOnlyForDeploymentPostprocessing = 0;
			shellPath = /bin/sh;
			shellScript = "diff \"${PODS_PODFILE_DIR_PATH}/Podfile.lock\" \"${PODS_ROOT}/Manifest.lock\" > /dev/null\nif [ $? != 0 ] ; then\n    # print error to STDERR\n    echo \"error: The sandbox is not in sync with the Podfile.lock. Run 'pod install' or update your CocoaPods installation.\" >&2\n    exit 1\nfi\n# This output is used by Xcode 'outputs' to avoid re-running this script phase.\necho \"SUCCESS\" > \"${SCRIPT_OUTPUT_FILE_0}\"\n";
			showEnvVarsInLog = 0;
		};
		FCDFF8941AEEDA4615CF8347 /* [CP] Embed Pods Frameworks */ = {
			isa = PBXShellScriptBuildPhase;
			buildActionMask = 2147483647;
			files = (
			);
			inputFileListPaths = (
				"${PODS_ROOT}/Target Support Files/Pods-RxSwiftBasic/Pods-RxSwiftBasic-frameworks-${CONFIGURATION}-input-files.xcfilelist",
			);
			name = "[CP] Embed Pods Frameworks";
			outputFileListPaths = (
				"${PODS_ROOT}/Target Support Files/Pods-RxSwiftBasic/Pods-RxSwiftBasic-frameworks-${CONFIGURATION}-output-files.xcfilelist",
			);
			runOnlyForDeploymentPostprocessing = 0;
			shellPath = /bin/sh;
			shellScript = "\"${PODS_ROOT}/Target Support Files/Pods-RxSwiftBasic/Pods-RxSwiftBasic-frameworks.sh\"\n";
			showEnvVarsInLog = 0;
		};
/* End PBXShellScriptBuildPhase section */

/* Begin PBXSourcesBuildPhase section */
		18EAE2DC239F906D009D968C /* Sources */ = {
			isa = PBXSourcesBuildPhase;
			buildActionMask = 2147483647;
			files = (
				18F7743C23A74B750024DE7C /* Common.swift in Sources */,
				18F7743E23A76F000024DE7C /* MaybeViewController.swift in Sources */,
				18F7743723A7485E0024DE7C /* BaseViewController.swift in Sources */,
				18F7743923A748B10024DE7C /* CompletableViewController.swift in Sources */,
				18EAE2E8239F906D009D968C /* ViewController.swift in Sources */,
				18F7743323A36AAA0024DE7C /* RxTestViewController.swift in Sources */,
				18F7743523A384FA0024DE7C /* SingleViewController.swift in Sources */,
				18EAE2E4239F906D009D968C /* AppDelegate.swift in Sources */,
				19B065903E39D46A5603702C /* DriverController.swift in Sources */,
				19B06D0D9F7B4FDEF2FE2DA3 /* SignalViewController.swift in Sources */,
				19B067F131010D505E2182A0 /* AnyObserverViewController.swift in Sources */,
				19B065E780188E13F44683D8 /* BinderViewController.swift in Sources */,
				19B062E62C171A2F9BFC5387 /* AsyncSubjectViewController.swift in Sources */,
				19B060389A5FA2291D27EEB1 /* PublishSubjectViewController.swift in Sources */,
				19B06190D8050FBC5DBFB16B /* ReplaySubjectViewController.swift in Sources */,
				19B062EF17C04D61FB536A46 /* BehaviorSubjectViewController.swift in Sources */,
				19B0664035C9DBE40F8C54E6 /* OperatorViewController.swift in Sources */,
				19B0685663B4F125CF676C95 /* FilterMapZipViewController.swift in Sources */,
				19B063846CA4C96551C33E03 /* DisposableViewController.swift in Sources */,
				19B06BA827F6B349A9E30164 /* SchedulersViewController.swift in Sources */,
				19B06DA847D8775FB206059F /* ErrorHandlingViewController.swift in Sources */,
				19B0651EA0C20E1A9C79404B /* AmbBufferViewController.swift in Sources */,
			);
			runOnlyForDeploymentPostprocessing = 0;
		};
/* End PBXSourcesBuildPhase section */

/* Begin PBXVariantGroup section */
		18EAE2EE239F9070009D968C /* LaunchScreen.storyboard */ = {
			isa = PBXVariantGroup;
			children = (
				18EAE2EF239F9070009D968C /* Base */,
			);
			name = LaunchScreen.storyboard;
			sourceTree = "<group>";
		};
/* End PBXVariantGroup section */

/* Begin XCBuildConfiguration section */
		18EAE2F2239F9070009D968C /* Debug */ = {
			isa = XCBuildConfiguration;
			buildSettings = {
				ALWAYS_SEARCH_USER_PATHS = NO;
				CLANG_ANALYZER_NONNULL = YES;
				CLANG_ANALYZER_NUMBER_OBJECT_CONVERSION = YES_AGGRESSIVE;
				CLANG_CXX_LANGUAGE_STANDARD = "gnu++14";
				CLANG_CXX_LIBRARY = "libc++";
				CLANG_ENABLE_MODULES = YES;
				CLANG_ENABLE_OBJC_ARC = YES;
				CLANG_ENABLE_OBJC_WEAK = YES;
				CLANG_WARN_BLOCK_CAPTURE_AUTORELEASING = YES;
				CLANG_WARN_BOOL_CONVERSION = YES;
				CLANG_WARN_COMMA = YES;
				CLANG_WARN_CONSTANT_CONVERSION = YES;
				CLANG_WARN_DEPRECATED_OBJC_IMPLEMENTATIONS = YES;
				CLANG_WARN_DIRECT_OBJC_ISA_USAGE = YES_ERROR;
				CLANG_WARN_DOCUMENTATION_COMMENTS = YES;
				CLANG_WARN_EMPTY_BODY = YES;
				CLANG_WARN_ENUM_CONVERSION = YES;
				CLANG_WARN_INFINITE_RECURSION = YES;
				CLANG_WARN_INT_CONVERSION = YES;
				CLANG_WARN_NON_LITERAL_NULL_CONVERSION = YES;
				CLANG_WARN_OBJC_IMPLICIT_RETAIN_SELF = YES;
				CLANG_WARN_OBJC_LITERAL_CONVERSION = YES;
				CLANG_WARN_OBJC_ROOT_CLASS = YES_ERROR;
				CLANG_WARN_RANGE_LOOP_ANALYSIS = YES;
				CLANG_WARN_STRICT_PROTOTYPES = YES;
				CLANG_WARN_SUSPICIOUS_MOVE = YES;
				CLANG_WARN_UNGUARDED_AVAILABILITY = YES_AGGRESSIVE;
				CLANG_WARN_UNREACHABLE_CODE = YES;
				CLANG_WARN__DUPLICATE_METHOD_MATCH = YES;
				COPY_PHASE_STRIP = NO;
				DEBUG_INFORMATION_FORMAT = dwarf;
				ENABLE_STRICT_OBJC_MSGSEND = YES;
				ENABLE_TESTABILITY = YES;
				GCC_C_LANGUAGE_STANDARD = gnu11;
				GCC_DYNAMIC_NO_PIC = NO;
				GCC_NO_COMMON_BLOCKS = YES;
				GCC_OPTIMIZATION_LEVEL = 0;
				GCC_PREPROCESSOR_DEFINITIONS = (
					"DEBUG=1",
					"$(inherited)",
				);
				GCC_WARN_64_TO_32_BIT_CONVERSION = YES;
				GCC_WARN_ABOUT_RETURN_TYPE = YES_ERROR;
				GCC_WARN_UNDECLARED_SELECTOR = YES;
				GCC_WARN_UNINITIALIZED_AUTOS = YES_AGGRESSIVE;
				GCC_WARN_UNUSED_FUNCTION = YES;
				GCC_WARN_UNUSED_VARIABLE = YES;
				IPHONEOS_DEPLOYMENT_TARGET = 10.0;
				MTL_ENABLE_DEBUG_INFO = INCLUDE_SOURCE;
				MTL_FAST_MATH = YES;
				ONLY_ACTIVE_ARCH = YES;
				SDKROOT = iphoneos;
				SWIFT_ACTIVE_COMPILATION_CONDITIONS = DEBUG;
				SWIFT_OPTIMIZATION_LEVEL = "-Onone";
			};
			name = Debug;
		};
		18EAE2F3239F9070009D968C /* Release */ = {
			isa = XCBuildConfiguration;
			buildSettings = {
				ALWAYS_SEARCH_USER_PATHS = NO;
				CLANG_ANALYZER_NONNULL = YES;
				CLANG_ANALYZER_NUMBER_OBJECT_CONVERSION = YES_AGGRESSIVE;
				CLANG_CXX_LANGUAGE_STANDARD = "gnu++14";
				CLANG_CXX_LIBRARY = "libc++";
				CLANG_ENABLE_MODULES = YES;
				CLANG_ENABLE_OBJC_ARC = YES;
				CLANG_ENABLE_OBJC_WEAK = YES;
				CLANG_WARN_BLOCK_CAPTURE_AUTORELEASING = YES;
				CLANG_WARN_BOOL_CONVERSION = YES;
				CLANG_WARN_COMMA = YES;
				CLANG_WARN_CONSTANT_CONVERSION = YES;
				CLANG_WARN_DEPRECATED_OBJC_IMPLEMENTATIONS = YES;
				CLANG_WARN_DIRECT_OBJC_ISA_USAGE = YES_ERROR;
				CLANG_WARN_DOCUMENTATION_COMMENTS = YES;
				CLANG_WARN_EMPTY_BODY = YES;
				CLANG_WARN_ENUM_CONVERSION = YES;
				CLANG_WARN_INFINITE_RECURSION = YES;
				CLANG_WARN_INT_CONVERSION = YES;
				CLANG_WARN_NON_LITERAL_NULL_CONVERSION = YES;
				CLANG_WARN_OBJC_IMPLICIT_RETAIN_SELF = YES;
				CLANG_WARN_OBJC_LITERAL_CONVERSION = YES;
				CLANG_WARN_OBJC_ROOT_CLASS = YES_ERROR;
				CLANG_WARN_RANGE_LOOP_ANALYSIS = YES;
				CLANG_WARN_STRICT_PROTOTYPES = YES;
				CLANG_WARN_SUSPICIOUS_MOVE = YES;
				CLANG_WARN_UNGUARDED_AVAILABILITY = YES_AGGRESSIVE;
				CLANG_WARN_UNREACHABLE_CODE = YES;
				CLANG_WARN__DUPLICATE_METHOD_MATCH = YES;
				COPY_PHASE_STRIP = NO;
				DEBUG_INFORMATION_FORMAT = "dwarf-with-dsym";
				ENABLE_NS_ASSERTIONS = NO;
				ENABLE_STRICT_OBJC_MSGSEND = YES;
				GCC_C_LANGUAGE_STANDARD = gnu11;
				GCC_NO_COMMON_BLOCKS = YES;
				GCC_WARN_64_TO_32_BIT_CONVERSION = YES;
				GCC_WARN_ABOUT_RETURN_TYPE = YES_ERROR;
				GCC_WARN_UNDECLARED_SELECTOR = YES;
				GCC_WARN_UNINITIALIZED_AUTOS = YES_AGGRESSIVE;
				GCC_WARN_UNUSED_FUNCTION = YES;
				GCC_WARN_UNUSED_VARIABLE = YES;
				IPHONEOS_DEPLOYMENT_TARGET = 10.0;
				MTL_ENABLE_DEBUG_INFO = NO;
				MTL_FAST_MATH = YES;
				SDKROOT = iphoneos;
				SWIFT_COMPILATION_MODE = wholemodule;
				SWIFT_OPTIMIZATION_LEVEL = "-O";
				VALIDATE_PRODUCT = YES;
			};
			name = Release;
		};
		18EAE2F5239F9070009D968C /* Debug */ = {
			isa = XCBuildConfiguration;
			baseConfigurationReference = E8350C6C512808510FF496C6 /* Pods-RxSwiftBasic.debug.xcconfig */;
			buildSettings = {
				ASSETCATALOG_COMPILER_APPICON_NAME = AppIcon;
				CODE_SIGN_STYLE = Automatic;
				DEVELOPMENT_TEAM = VMHU7NHE98;
				INFOPLIST_FILE = RxSwiftBasic/Info.plist;
				LD_RUNPATH_SEARCH_PATHS = (
					"$(inherited)",
					"@executable_path/Frameworks",
				);
				PRODUCT_BUNDLE_IDENTIFIER = com.exam.RxSwiftBasic;
				PRODUCT_NAME = "$(TARGET_NAME)";
				SWIFT_VERSION = 5.0;
				TARGETED_DEVICE_FAMILY = "1,2";
			};
			name = Debug;
		};
		18EAE2F6239F9070009D968C /* Release */ = {
			isa = XCBuildConfiguration;
			baseConfigurationReference = B6D556FD700F461808FC117C /* Pods-RxSwiftBasic.release.xcconfig */;
			buildSettings = {
				ASSETCATALOG_COMPILER_APPICON_NAME = AppIcon;
				CODE_SIGN_STYLE = Automatic;
				DEVELOPMENT_TEAM = VMHU7NHE98;
				INFOPLIST_FILE = RxSwiftBasic/Info.plist;
				LD_RUNPATH_SEARCH_PATHS = (
					"$(inherited)",
					"@executable_path/Frameworks",
				);
				PRODUCT_BUNDLE_IDENTIFIER = com.exam.RxSwiftBasic;
				PRODUCT_NAME = "$(TARGET_NAME)";
				SWIFT_VERSION = 5.0;
				TARGETED_DEVICE_FAMILY = "1,2";
			};
			name = Release;
		};
/* End XCBuildConfiguration section */

/* Begin XCConfigurationList section */
		18EAE2DB239F906D009D968C /* Build configuration list for PBXProject "RxSwiftBasic" */ = {
			isa = XCConfigurationList;
			buildConfigurations = (
				18EAE2F2239F9070009D968C /* Debug */,
				18EAE2F3239F9070009D968C /* Release */,
			);
			defaultConfigurationIsVisible = 0;
			defaultConfigurationName = Release;
		};
		18EAE2F4239F9070009D968C /* Build configuration list for PBXNativeTarget "RxSwiftBasic" */ = {
			isa = XCConfigurationList;
			buildConfigurations = (
				18EAE2F5239F9070009D968C /* Debug */,
				18EAE2F6239F9070009D968C /* Release */,
			);
			defaultConfigurationIsVisible = 0;
			defaultConfigurationName = Release;
		};
/* End XCConfigurationList section */
	};
	rootObject = 18EAE2D8239F906D009D968C /* Project object */;
}
